// !$*UTF8*$!
{
	archiveVersion = 1;
	classes = {
	};
	objectVersion = 55;
	objects = {

/* Begin PBXBuildFile section */
		18212AFB29ADE0CD00580FD7 /* SettingView.swift in Sources */ = {isa = PBXBuildFile; fileRef = 18212AFA29ADE0CD00580FD7 /* SettingView.swift */; };
		18212AFD29ADF62E00580FD7 /* QRView.swift in Sources */ = {isa = PBXBuildFile; fileRef = 18212AFC29ADF62E00580FD7 /* QRView.swift */; };
		18212AFF29ADF64A00580FD7 /* LogView.swift in Sources */ = {isa = PBXBuildFile; fileRef = 18212AFE29ADF64A00580FD7 /* LogView.swift */; };
		18212B0F29B590C000580FD7 /* BarcodeData.swift in Sources */ = {isa = PBXBuildFile; fileRef = 18212B0E29B590C000580FD7 /* BarcodeData.swift */; };
		18212B1129B590E600580FD7 /* BarcodeFrame.swift in Sources */ = {isa = PBXBuildFile; fileRef = 18212B1029B590E600580FD7 /* BarcodeFrame.swift */; };
		18212B1329B590F900580FD7 /* CBBarcodeView.swift in Sources */ = {isa = PBXBuildFile; fileRef = 18212B1229B590F900580FD7 /* CBBarcodeView.swift */; };
		18212B1529B5911900580FD7 /* CBScanner.swift in Sources */ = {isa = PBXBuildFile; fileRef = 18212B1429B5911900580FD7 /* CBScanner.swift */; };
		18212B1729B5914E00580FD7 /* CameraPreview.swift in Sources */ = {isa = PBXBuildFile; fileRef = 18212B1629B5914E00580FD7 /* CameraPreview.swift */; };
		18363A72293DDFBA006ADD31 /* appApp.swift in Sources */ = {isa = PBXBuildFile; fileRef = 18363A71293DDFBA006ADD31 /* appApp.swift */; };
		18363A76293DDFBC006ADD31 /* Assets.xcassets in Resources */ = {isa = PBXBuildFile; fileRef = 18363A75293DDFBC006ADD31 /* Assets.xcassets */; };
		18363A79293DDFBC006ADD31 /* Preview Assets.xcassets in Resources */ = {isa = PBXBuildFile; fileRef = 18363A78293DDFBC006ADD31 /* Preview Assets.xcassets */; };
		1853BD1929408B3700EBAC15 /* LocationManager.swift in Sources */ = {isa = PBXBuildFile; fileRef = 1853BD1829408B3700EBAC15 /* LocationManager.swift */; };
		1853BD1D294865D300EBAC15 /* Constants.swift in Sources */ = {isa = PBXBuildFile; fileRef = 1853BD1C294865D300EBAC15 /* Constants.swift */; };
		1853BD202948682600EBAC15 /* Extension.swift in Sources */ = {isa = PBXBuildFile; fileRef = 1853BD1F2948682600EBAC15 /* Extension.swift */; };
		1853BD2729486B8800EBAC15 /* MyToastView.swift in Sources */ = {isa = PBXBuildFile; fileRef = 1853BD2629486B8800EBAC15 /* MyToastView.swift */; };
		1853BD29294871DE00EBAC15 /* CustomAlert.swift in Sources */ = {isa = PBXBuildFile; fileRef = 1853BD28294871DE00EBAC15 /* CustomAlert.swift */; };
		1853BD2C2948727D00EBAC15 /* KeyboardResponder.swift in Sources */ = {isa = PBXBuildFile; fileRef = 1853BD2B2948727D00EBAC15 /* KeyboardResponder.swift */; };
		1853BD30294880DA00EBAC15 /* KoPubWorld Dotum_Pro Bold.otf in Resources */ = {isa = PBXBuildFile; fileRef = 1853BD2D294880D500EBAC15 /* KoPubWorld Dotum_Pro Bold.otf */; };
		1853BD31294880DC00EBAC15 /* KoPubWorld Dotum_Pro Light.otf in Resources */ = {isa = PBXBuildFile; fileRef = 1853BD2E294880D500EBAC15 /* KoPubWorld Dotum_Pro Light.otf */; };
		1853BD32294880DF00EBAC15 /* KoPubWorld Dotum_Pro Medium.otf in Resources */ = {isa = PBXBuildFile; fileRef = 1853BD2F294880D600EBAC15 /* KoPubWorld Dotum_Pro Medium.otf */; };
		1853BD342948849600EBAC15 /* NetworkMonitor.swift in Sources */ = {isa = PBXBuildFile; fileRef = 1853BD332948849500EBAC15 /* NetworkMonitor.swift */; };
		1853BD362948857400EBAC15 /* InternetErrorView.swift in Sources */ = {isa = PBXBuildFile; fileRef = 1853BD352948857400EBAC15 /* InternetErrorView.swift */; };
		185BC622293DE42C00243308 /* LaunchScreenView.swift in Sources */ = {isa = PBXBuildFile; fileRef = 185BC621293DE42C00243308 /* LaunchScreenView.swift */; };
		18866158293DF0870040841F /* InfoPlist.strings in Resources */ = {isa = PBXBuildFile; fileRef = 1886615A293DF0870040841F /* InfoPlist.strings */; };
		18866163293E08630040841F /* MainViewModel.swift in Sources */ = {isa = PBXBuildFile; fileRef = 18866162293E08630040841F /* MainViewModel.swift */; };
		18866165293E17CB0040841F /* Loader.swift in Sources */ = {isa = PBXBuildFile; fileRef = 18866164293E17CB0040841F /* Loader.swift */; };
		18866169293E26C80040841F /* JsAlert.swift in Sources */ = {isa = PBXBuildFile; fileRef = 18866168293E26C80040841F /* JsAlert.swift */; };
		1886616B293E26E40040841F /* LoadingIndicatorView.swift in Sources */ = {isa = PBXBuildFile; fileRef = 1886616A293E26E40040841F /* LoadingIndicatorView.swift */; };
		1886616D293E26FF0040841F /* LoadingScreenView.swift in Sources */ = {isa = PBXBuildFile; fileRef = 1886616C293E26FF0040841F /* LoadingScreenView.swift */; };
		1886616F293E27180040841F /* MimeTypes.swift in Sources */ = {isa = PBXBuildFile; fileRef = 1886616E293E27180040841F /* MimeTypes.swift */; };
		18866171293E27310040841F /* MyTextAlertView.swift in Sources */ = {isa = PBXBuildFile; fileRef = 18866170293E27310040841F /* MyTextAlertView.swift */; };
		18866173293E274F0040841F /* MyWebview.swift in Sources */ = {isa = PBXBuildFile; fileRef = 18866172293E274F0040841F /* MyWebview.swift */; };
		18866175293E27760040841F /* String+Ext.swift in Sources */ = {isa = PBXBuildFile; fileRef = 18866174293E27760040841F /* String+Ext.swift */; };
		18866177293E27B70040841F /* WebViewRefreshControlHelper.swift in Sources */ = {isa = PBXBuildFile; fileRef = 18866176293E27B70040841F /* WebViewRefreshControlHelper.swift */; };
		189CFFA629B6D8A9008F0A3B /* Launch Screen.storyboard in Resources */ = {isa = PBXBuildFile; fileRef = 189CFFA529B6D8A9008F0A3B /* Launch Screen.storyboard */; };
		189CFFA929B6E212008F0A3B /* Repository.swift in Sources */ = {isa = PBXBuildFile; fileRef = 189CFFA829B6E212008F0A3B /* Repository.swift */; };
		189CFFAC29B6E296008F0A3B /* Alamofire in Frameworks */ = {isa = PBXBuildFile; productRef = 189CFFAB29B6E296008F0A3B /* Alamofire */; };
		189CFFAF29B6E331008F0A3B /* SwiftyJSON in Frameworks */ = {isa = PBXBuildFile; productRef = 189CFFAE29B6E331008F0A3B /* SwiftyJSON */; };
		189CFFB229B6E643008F0A3B /* ErrorResponse.swift in Sources */ = {isa = PBXBuildFile; fileRef = 189CFFB129B6E643008F0A3B /* ErrorResponse.swift */; };
		189CFFB429B6E6C1008F0A3B /* Projects.swift in Sources */ = {isa = PBXBuildFile; fileRef = 189CFFB329B6E6C1008F0A3B /* Projects.swift */; };
		189CFFB629B759C4008F0A3B /* Allow.swift in Sources */ = {isa = PBXBuildFile; fileRef = 189CFFB529B759C4008F0A3B /* Allow.swift */; };
		189CFFC029B89A97008F0A3B /* CoreData.xcdatamodeld in Sources */ = {isa = PBXBuildFile; fileRef = 189CFFBE29B89A97008F0A3B /* CoreData.xcdatamodeld */; };
		189CFFC829B8A30B008F0A3B /* LogInfo+CoreDataProperties.swift in Sources */ = {isa = PBXBuildFile; fileRef = 189CFFC629B8A30B008F0A3B /* LogInfo+CoreDataProperties.swift */; };
		189CFFCA29B8A4B8008F0A3B /* CoreDataManager.swift in Sources */ = {isa = PBXBuildFile; fileRef = 189CFFC929B8A4B8008F0A3B /* CoreDataManager.swift */; };
		189CFFCC29B9A2A2008F0A3B /* DelayedNavigationLink.swift in Sources */ = {isa = PBXBuildFile; fileRef = 189CFFCB29B9A2A2008F0A3B /* DelayedNavigationLink.swift */; };
		189CFFCE29B9A626008F0A3B /* QRResult.swift in Sources */ = {isa = PBXBuildFile; fileRef = 189CFFCD29B9A626008F0A3B /* QRResult.swift */; };
		189CFFD429B9D594008F0A3B /* qr_check.mp3 in Resources */ = {isa = PBXBuildFile; fileRef = 189CFFD329B9D594008F0A3B /* qr_check.mp3 */; };
		189CFFD629B9D5A0008F0A3B /* qr_fail.mp3 in Resources */ = {isa = PBXBuildFile; fileRef = 189CFFD529B9D5A0008F0A3B /* qr_fail.mp3 */; };
		189CFFD829B9DA50008F0A3B /* PlayViewModel.swift in Sources */ = {isa = PBXBuildFile; fileRef = 189CFFD729B9DA50008F0A3B /* PlayViewModel.swift */; };
		E30FD27B2CC0C62D009C4C2B /* HistoryCouponView.swift in Sources */ = {isa = PBXBuildFile; fileRef = E30FD27A2CC0C62D009C4C2B /* HistoryCouponView.swift */; };
		E30FD27D2CC0C83B009C4C2B /* HistoryCouponViewModel.swift in Sources */ = {isa = PBXBuildFile; fileRef = E30FD27C2CC0C83B009C4C2B /* HistoryCouponViewModel.swift */; };
		E323712F2CBE672400CF8A8A /* LogInfo+CoreDataClass.swift in Sources */ = {isa = PBXBuildFile; fileRef = E323712E2CBE672400CF8A8A /* LogInfo+CoreDataClass.swift */; };
		E3AD5CDE2CBF5AB00090E12A /* ScanQRView.swift in Sources */ = {isa = PBXBuildFile; fileRef = E3AD5CDD2CBF5AB00090E12A /* ScanQRView.swift */; };
		E3AD5CE02CBF5ABE0090E12A /* ScanQRViewModel.swift in Sources */ = {isa = PBXBuildFile; fileRef = E3AD5CDF2CBF5ABE0090E12A /* ScanQRViewModel.swift */; };
		E3AD5CE32CBF6AAB0090E12A /* CouponDetailView.swift in Sources */ = {isa = PBXBuildFile; fileRef = E3AD5CE22CBF6AAB0090E12A /* CouponDetailView.swift */; };
		E3AD5CE52CBF6AB60090E12A /* CouponDetailViewModel.swift in Sources */ = {isa = PBXBuildFile; fileRef = E3AD5CE42CBF6AB60090E12A /* CouponDetailViewModel.swift */; };
		E3AD5D392CBF727C0090E12A /* CouponModel.swift in Sources */ = {isa = PBXBuildFile; fileRef = E3AD5D382CBF727C0090E12A /* CouponModel.swift */; };
/* End PBXBuildFile section */

/* Begin PBXFileReference section */
		18212AFA29ADE0CD00580FD7 /* SettingView.swift */ = {isa = PBXFileReference; lastKnownFileType = sourcecode.swift; path = SettingView.swift; sourceTree = "<group>"; };
		18212AFC29ADF62E00580FD7 /* QRView.swift */ = {isa = PBXFileReference; lastKnownFileType = sourcecode.swift; path = QRView.swift; sourceTree = "<group>"; };
		18212AFE29ADF64A00580FD7 /* LogView.swift */ = {isa = PBXFileReference; lastKnownFileType = sourcecode.swift; path = LogView.swift; sourceTree = "<group>"; };
		18212B0E29B590C000580FD7 /* BarcodeData.swift */ = {isa = PBXFileReference; lastKnownFileType = sourcecode.swift; path = BarcodeData.swift; sourceTree = "<group>"; };
		18212B1029B590E600580FD7 /* BarcodeFrame.swift */ = {isa = PBXFileReference; lastKnownFileType = sourcecode.swift; path = BarcodeFrame.swift; sourceTree = "<group>"; };
		18212B1229B590F900580FD7 /* CBBarcodeView.swift */ = {isa = PBXFileReference; lastKnownFileType = sourcecode.swift; path = CBBarcodeView.swift; sourceTree = "<group>"; };
		18212B1429B5911900580FD7 /* CBScanner.swift */ = {isa = PBXFileReference; lastKnownFileType = sourcecode.swift; path = CBScanner.swift; sourceTree = "<group>"; };
		18212B1629B5914E00580FD7 /* CameraPreview.swift */ = {isa = PBXFileReference; lastKnownFileType = sourcecode.swift; path = CameraPreview.swift; sourceTree = "<group>"; };
		18363A6E293DDFBA006ADD31 /* heredium.app */ = {isa = PBXFileReference; explicitFileType = wrapper.application; includeInIndex = 0; path = heredium.app; sourceTree = BUILT_PRODUCTS_DIR; };
		18363A71293DDFBA006ADD31 /* appApp.swift */ = {isa = PBXFileReference; lastKnownFileType = sourcecode.swift; path = appApp.swift; sourceTree = "<group>"; };
		18363A75293DDFBC006ADD31 /* Assets.xcassets */ = {isa = PBXFileReference; lastKnownFileType = folder.assetcatalog; path = Assets.xcassets; sourceTree = "<group>"; };
		18363A78293DDFBC006ADD31 /* Preview Assets.xcassets */ = {isa = PBXFileReference; lastKnownFileType = folder.assetcatalog; path = "Preview Assets.xcassets"; sourceTree = "<group>"; };
		1853BD17294088AD00EBAC15 /* app.entitlements */ = {isa = PBXFileReference; lastKnownFileType = text.plist.entitlements; path = app.entitlements; sourceTree = "<group>"; };
		1853BD1829408B3700EBAC15 /* LocationManager.swift */ = {isa = PBXFileReference; lastKnownFileType = sourcecode.swift; path = LocationManager.swift; sourceTree = "<group>"; };
		1853BD1C294865D300EBAC15 /* Constants.swift */ = {isa = PBXFileReference; lastKnownFileType = sourcecode.swift; path = Constants.swift; sourceTree = "<group>"; };
		1853BD1F2948682600EBAC15 /* Extension.swift */ = {isa = PBXFileReference; lastKnownFileType = sourcecode.swift; path = Extension.swift; sourceTree = "<group>"; };
		1853BD2629486B8800EBAC15 /* MyToastView.swift */ = {isa = PBXFileReference; lastKnownFileType = sourcecode.swift; path = MyToastView.swift; sourceTree = "<group>"; };
		1853BD28294871DE00EBAC15 /* CustomAlert.swift */ = {isa = PBXFileReference; lastKnownFileType = sourcecode.swift; path = CustomAlert.swift; sourceTree = "<group>"; };
		1853BD2B2948727D00EBAC15 /* KeyboardResponder.swift */ = {isa = PBXFileReference; fileEncoding = 4; lastKnownFileType = sourcecode.swift; path = KeyboardResponder.swift; sourceTree = "<group>"; };
		1853BD2D294880D500EBAC15 /* KoPubWorld Dotum_Pro Bold.otf */ = {isa = PBXFileReference; lastKnownFileType = file; path = "KoPubWorld Dotum_Pro Bold.otf"; sourceTree = "<group>"; };
		1853BD2E294880D500EBAC15 /* KoPubWorld Dotum_Pro Light.otf */ = {isa = PBXFileReference; lastKnownFileType = file; path = "KoPubWorld Dotum_Pro Light.otf"; sourceTree = "<group>"; };
		1853BD2F294880D600EBAC15 /* KoPubWorld Dotum_Pro Medium.otf */ = {isa = PBXFileReference; lastKnownFileType = file; path = "KoPubWorld Dotum_Pro Medium.otf"; sourceTree = "<group>"; };
		1853BD332948849500EBAC15 /* NetworkMonitor.swift */ = {isa = PBXFileReference; fileEncoding = 4; lastKnownFileType = sourcecode.swift; path = NetworkMonitor.swift; sourceTree = "<group>"; };
		1853BD352948857400EBAC15 /* InternetErrorView.swift */ = {isa = PBXFileReference; lastKnownFileType = sourcecode.swift; path = InternetErrorView.swift; sourceTree = "<group>"; };
		185BC621293DE42C00243308 /* LaunchScreenView.swift */ = {isa = PBXFileReference; lastKnownFileType = sourcecode.swift; path = LaunchScreenView.swift; sourceTree = "<group>"; };
		185BC623293DE5BB00243308 /* Info.plist */ = {isa = PBXFileReference; lastKnownFileType = text.plist.xml; path = Info.plist; sourceTree = "<group>"; };
		18866159293DF0870040841F /* ko */ = {isa = PBXFileReference; lastKnownFileType = text.plist.strings; name = ko; path = ko.lproj/InfoPlist.strings; sourceTree = "<group>"; };
		1886615B293DF0A50040841F /* en */ = {isa = PBXFileReference; lastKnownFileType = text.plist.strings; name = en; path = en.lproj/InfoPlist.strings; sourceTree = "<group>"; };
		18866162293E08630040841F /* MainViewModel.swift */ = {isa = PBXFileReference; lastKnownFileType = sourcecode.swift; path = MainViewModel.swift; sourceTree = "<group>"; };
		18866164293E17CB0040841F /* Loader.swift */ = {isa = PBXFileReference; lastKnownFileType = sourcecode.swift; path = Loader.swift; sourceTree = "<group>"; };
		18866168293E26C80040841F /* JsAlert.swift */ = {isa = PBXFileReference; lastKnownFileType = sourcecode.swift; path = JsAlert.swift; sourceTree = "<group>"; };
		1886616A293E26E40040841F /* LoadingIndicatorView.swift */ = {isa = PBXFileReference; lastKnownFileType = sourcecode.swift; path = LoadingIndicatorView.swift; sourceTree = "<group>"; };
		1886616C293E26FF0040841F /* LoadingScreenView.swift */ = {isa = PBXFileReference; lastKnownFileType = sourcecode.swift; path = LoadingScreenView.swift; sourceTree = "<group>"; };
		1886616E293E27180040841F /* MimeTypes.swift */ = {isa = PBXFileReference; lastKnownFileType = sourcecode.swift; path = MimeTypes.swift; sourceTree = "<group>"; };
		18866170293E27310040841F /* MyTextAlertView.swift */ = {isa = PBXFileReference; lastKnownFileType = sourcecode.swift; path = MyTextAlertView.swift; sourceTree = "<group>"; };
		18866172293E274F0040841F /* MyWebview.swift */ = {isa = PBXFileReference; lastKnownFileType = sourcecode.swift; path = MyWebview.swift; sourceTree = "<group>"; };
		18866174293E27760040841F /* String+Ext.swift */ = {isa = PBXFileReference; lastKnownFileType = sourcecode.swift; path = "String+Ext.swift"; sourceTree = "<group>"; };
		18866176293E27B70040841F /* WebViewRefreshControlHelper.swift */ = {isa = PBXFileReference; lastKnownFileType = sourcecode.swift; path = WebViewRefreshControlHelper.swift; sourceTree = "<group>"; };
		189CFFA529B6D8A9008F0A3B /* Launch Screen.storyboard */ = {isa = PBXFileReference; lastKnownFileType = file.storyboard; path = "Launch Screen.storyboard"; sourceTree = "<group>"; };
		189CFFA829B6E212008F0A3B /* Repository.swift */ = {isa = PBXFileReference; lastKnownFileType = sourcecode.swift; path = Repository.swift; sourceTree = "<group>"; };
		189CFFB129B6E643008F0A3B /* ErrorResponse.swift */ = {isa = PBXFileReference; lastKnownFileType = sourcecode.swift; path = ErrorResponse.swift; sourceTree = "<group>"; };
		189CFFB329B6E6C1008F0A3B /* Projects.swift */ = {isa = PBXFileReference; lastKnownFileType = sourcecode.swift; path = Projects.swift; sourceTree = "<group>"; };
		189CFFB529B759C4008F0A3B /* Allow.swift */ = {isa = PBXFileReference; lastKnownFileType = sourcecode.swift; path = Allow.swift; sourceTree = "<group>"; };
		189CFFBF29B89A97008F0A3B /* CoreData.xcdatamodel */ = {isa = PBXFileReference; lastKnownFileType = wrapper.xcdatamodel; path = CoreData.xcdatamodel; sourceTree = "<group>"; };
		189CFFC629B8A30B008F0A3B /* LogInfo+CoreDataProperties.swift */ = {isa = PBXFileReference; lastKnownFileType = sourcecode.swift; path = "LogInfo+CoreDataProperties.swift"; sourceTree = "<group>"; };
		189CFFC929B8A4B8008F0A3B /* CoreDataManager.swift */ = {isa = PBXFileReference; lastKnownFileType = sourcecode.swift; path = CoreDataManager.swift; sourceTree = "<group>"; };
		189CFFCB29B9A2A2008F0A3B /* DelayedNavigationLink.swift */ = {isa = PBXFileReference; lastKnownFileType = sourcecode.swift; path = DelayedNavigationLink.swift; sourceTree = "<group>"; };
		189CFFCD29B9A626008F0A3B /* QRResult.swift */ = {isa = PBXFileReference; lastKnownFileType = sourcecode.swift; path = QRResult.swift; sourceTree = "<group>"; };
		189CFFD329B9D594008F0A3B /* qr_check.mp3 */ = {isa = PBXFileReference; lastKnownFileType = audio.mp3; name = qr_check.mp3; path = app/qr_check.mp3; sourceTree = "<group>"; };
		189CFFD529B9D5A0008F0A3B /* qr_fail.mp3 */ = {isa = PBXFileReference; lastKnownFileType = audio.mp3; name = qr_fail.mp3; path = app/qr_fail.mp3; sourceTree = "<group>"; };
		189CFFD729B9DA50008F0A3B /* PlayViewModel.swift */ = {isa = PBXFileReference; lastKnownFileType = sourcecode.swift; path = PlayViewModel.swift; sourceTree = "<group>"; };
		E30FD27A2CC0C62D009C4C2B /* HistoryCouponView.swift */ = {isa = PBXFileReference; lastKnownFileType = sourcecode.swift; path = HistoryCouponView.swift; sourceTree = "<group>"; };
		E30FD27C2CC0C83B009C4C2B /* HistoryCouponViewModel.swift */ = {isa = PBXFileReference; lastKnownFileType = sourcecode.swift; path = HistoryCouponViewModel.swift; sourceTree = "<group>"; };
		E323712E2CBE672400CF8A8A /* LogInfo+CoreDataClass.swift */ = {isa = PBXFileReference; lastKnownFileType = sourcecode.swift; path = "LogInfo+CoreDataClass.swift"; sourceTree = "<group>"; };
		E3AD5CDD2CBF5AB00090E12A /* ScanQRView.swift */ = {isa = PBXFileReference; lastKnownFileType = sourcecode.swift; path = ScanQRView.swift; sourceTree = "<group>"; };
		E3AD5CDF2CBF5ABE0090E12A /* ScanQRViewModel.swift */ = {isa = PBXFileReference; lastKnownFileType = sourcecode.swift; path = ScanQRViewModel.swift; sourceTree = "<group>"; };
		E3AD5CE22CBF6AAB0090E12A /* CouponDetailView.swift */ = {isa = PBXFileReference; lastKnownFileType = sourcecode.swift; path = CouponDetailView.swift; sourceTree = "<group>"; };
		E3AD5CE42CBF6AB60090E12A /* CouponDetailViewModel.swift */ = {isa = PBXFileReference; lastKnownFileType = sourcecode.swift; path = CouponDetailViewModel.swift; sourceTree = "<group>"; };
		E3AD5D382CBF727C0090E12A /* CouponModel.swift */ = {isa = PBXFileReference; lastKnownFileType = sourcecode.swift; path = CouponModel.swift; sourceTree = "<group>"; };
/* End PBXFileReference section */

/* Begin PBXFrameworksBuildPhase section */
		18363A6B293DDFBA006ADD31 /* Frameworks */ = {
			isa = PBXFrameworksBuildPhase;
			buildActionMask = 2147483647;
			files = (
				189CFFAC29B6E296008F0A3B /* Alamofire in Frameworks */,
				189CFFAF29B6E331008F0A3B /* SwiftyJSON in Frameworks */,
			);
			runOnlyForDeploymentPostprocessing = 0;
		};
/* End PBXFrameworksBuildPhase section */

/* Begin PBXGroup section */
		18212B0029ADF68C00580FD7 /* Screens */ = {
			isa = PBXGroup;
			children = (
				E30FD2792CC0C549009C4C2B /* HistoryCoupon */,
				E3AD5CE12CBF6A940090E12A /* CouponDetail */,
				E3AD5CDC2CBF5A880090E12A /* ScanQR */,
				185BC621293DE42C00243308 /* LaunchScreenView.swift */,
				18212AFA29ADE0CD00580FD7 /* SettingView.swift */,
				18212AFC29ADF62E00580FD7 /* QRView.swift */,
				18212AFE29ADF64A00580FD7 /* LogView.swift */,
			);
			path = Screens;
			sourceTree = "<group>";
		};
		18212B0D29B5909600580FD7 /* CarBode */ = {
			isa = PBXGroup;
			children = (
				18212B0E29B590C000580FD7 /* BarcodeData.swift */,
				18212B1029B590E600580FD7 /* BarcodeFrame.swift */,
				18212B1229B590F900580FD7 /* CBBarcodeView.swift */,
				18212B1429B5911900580FD7 /* CBScanner.swift */,
				18212B1629B5914E00580FD7 /* CameraPreview.swift */,
			);
			path = CarBode;
			sourceTree = "<group>";
		};
		18363A65293DDFBA006ADD31 = {
			isa = PBXGroup;
			children = (
				189CFFD529B9D5A0008F0A3B /* qr_fail.mp3 */,
				189CFFD329B9D594008F0A3B /* qr_check.mp3 */,
				E323712E2CBE672400CF8A8A /* LogInfo+CoreDataClass.swift */,
				189CFFC629B8A30B008F0A3B /* LogInfo+CoreDataProperties.swift */,
				189CFFBE29B89A97008F0A3B /* CoreData.xcdatamodeld */,
				189CFFA529B6D8A9008F0A3B /* Launch Screen.storyboard */,
				1886615A293DF0870040841F /* InfoPlist.strings */,
				18363A70293DDFBA006ADD31 /* app */,
				18363A6F293DDFBA006ADD31 /* Products */,
			);
			sourceTree = "<group>";
		};
		18363A6F293DDFBA006ADD31 /* Products */ = {
			isa = PBXGroup;
			children = (
				18363A6E293DDFBA006ADD31 /* heredium.app */,
			);
			name = Products;
			sourceTree = "<group>";
		};
		18363A70293DDFBA006ADD31 /* app */ = {
			isa = PBXGroup;
			children = (
				189CFFA729B6E1F4008F0A3B /* Repository */,
				18212B0D29B5909600580FD7 /* CarBode */,
				1853BD21294868E700EBAC15 /* fonts */,
				1853BD1E294867FD00EBAC15 /* Utilities */,
				1853BD17294088AD00EBAC15 /* app.entitlements */,
				185BC623293DE5BB00243308 /* Info.plist */,
				185BC61D293DE3F300243308 /* UI */,
				18363A71293DDFBA006ADD31 /* appApp.swift */,
				18363A75293DDFBC006ADD31 /* Assets.xcassets */,
				18363A77293DDFBC006ADD31 /* Preview Content */,
			);
			path = app;
			sourceTree = "<group>";
		};
		18363A77293DDFBC006ADD31 /* Preview Content */ = {
			isa = PBXGroup;
			children = (
				18363A78293DDFBC006ADD31 /* Preview Assets.xcassets */,
			);
			path = "Preview Content";
			sourceTree = "<group>";
		};
		1853BD1E294867FD00EBAC15 /* Utilities */ = {
			isa = PBXGroup;
			children = (
				1853BD332948849500EBAC15 /* NetworkMonitor.swift */,
				1853BD1C294865D300EBAC15 /* Constants.swift */,
				1853BD1F2948682600EBAC15 /* Extension.swift */,
				189CFFC929B8A4B8008F0A3B /* CoreDataManager.swift */,
				189CFFD729B9DA50008F0A3B /* PlayViewModel.swift */,
			);
			path = Utilities;
			sourceTree = "<group>";
		};
		1853BD21294868E700EBAC15 /* fonts */ = {
			isa = PBXGroup;
			children = (
				1853BD2D294880D500EBAC15 /* KoPubWorld Dotum_Pro Bold.otf */,
				1853BD2E294880D500EBAC15 /* KoPubWorld Dotum_Pro Light.otf */,
				1853BD2F294880D600EBAC15 /* KoPubWorld Dotum_Pro Medium.otf */,
			);
			path = fonts;
			sourceTree = "<group>";
		};
		1853BD2A2948721F00EBAC15 /* Components */ = {
			isa = PBXGroup;
			children = (
				1853BD2629486B8800EBAC15 /* MyToastView.swift */,
				1886616C293E26FF0040841F /* LoadingScreenView.swift */,
				18866164293E17CB0040841F /* Loader.swift */,
				18866170293E27310040841F /* MyTextAlertView.swift */,
				18866172293E274F0040841F /* MyWebview.swift */,
				1853BD28294871DE00EBAC15 /* CustomAlert.swift */,
				1853BD352948857400EBAC15 /* InternetErrorView.swift */,
				189CFFCB29B9A2A2008F0A3B /* DelayedNavigationLink.swift */,
			);
			path = Components;
			sourceTree = "<group>";
		};
		185BC61D293DE3F300243308 /* UI */ = {
			isa = PBXGroup;
			children = (
				18212B0029ADF68C00580FD7 /* Screens */,
				1853BD2A2948721F00EBAC15 /* Components */,
				18866162293E08630040841F /* MainViewModel.swift */,
				1853BD2B2948727D00EBAC15 /* KeyboardResponder.swift */,
				18866168293E26C80040841F /* JsAlert.swift */,
				1886616A293E26E40040841F /* LoadingIndicatorView.swift */,
				1886616E293E27180040841F /* MimeTypes.swift */,
				18866174293E27760040841F /* String+Ext.swift */,
				18866176293E27B70040841F /* WebViewRefreshControlHelper.swift */,
				1853BD1829408B3700EBAC15 /* LocationManager.swift */,
			);
			path = UI;
			sourceTree = "<group>";
		};
		189CFFA729B6E1F4008F0A3B /* Repository */ = {
			isa = PBXGroup;
			children = (
				189CFFB029B6E5FD008F0A3B /* Model */,
				189CFFA829B6E212008F0A3B /* Repository.swift */,
			);
			path = Repository;
			sourceTree = "<group>";
		};
		189CFFB029B6E5FD008F0A3B /* Model */ = {
			isa = PBXGroup;
			children = (
				189CFFB129B6E643008F0A3B /* ErrorResponse.swift */,
				189CFFB329B6E6C1008F0A3B /* Projects.swift */,
				189CFFB529B759C4008F0A3B /* Allow.swift */,
				189CFFCD29B9A626008F0A3B /* QRResult.swift */,
				E3AD5D382CBF727C0090E12A /* CouponModel.swift */,
			);
			path = Model;
			sourceTree = "<group>";
		};
		E30FD2792CC0C549009C4C2B /* HistoryCoupon */ = {
			isa = PBXGroup;
			children = (
				E30FD27A2CC0C62D009C4C2B /* HistoryCouponView.swift */,
				E30FD27C2CC0C83B009C4C2B /* HistoryCouponViewModel.swift */,
			);
			path = HistoryCoupon;
			sourceTree = "<group>";
		};
		E3AD5CDC2CBF5A880090E12A /* ScanQR */ = {
			isa = PBXGroup;
			children = (
				E3AD5CDD2CBF5AB00090E12A /* ScanQRView.swift */,
				E3AD5CDF2CBF5ABE0090E12A /* ScanQRViewModel.swift */,
			);
			path = ScanQR;
			sourceTree = "<group>";
		};
		E3AD5CE12CBF6A940090E12A /* CouponDetail */ = {
			isa = PBXGroup;
			children = (
				E3AD5CE22CBF6AAB0090E12A /* CouponDetailView.swift */,
				E3AD5CE42CBF6AB60090E12A /* CouponDetailViewModel.swift */,
			);
			path = CouponDetail;
			sourceTree = "<group>";
		};
/* End PBXGroup section */

/* Begin PBXNativeTarget section */
		18363A6D293DDFBA006ADD31 /* app */ = {
			isa = PBXNativeTarget;
			buildConfigurationList = 18363A7C293DDFBC006ADD31 /* Build configuration list for PBXNativeTarget "app" */;
			buildPhases = (
				18363A6A293DDFBA006ADD31 /* Sources */,
				18363A6B293DDFBA006ADD31 /* Frameworks */,
				18363A6C293DDFBA006ADD31 /* Resources */,
			);
			buildRules = (
			);
			dependencies = (
			);
			name = app;
			packageProductDependencies = (
				189CFFAB29B6E296008F0A3B /* Alamofire */,
				189CFFAE29B6E331008F0A3B /* SwiftyJSON */,
			);
			productName = app;
			productReference = 18363A6E293DDFBA006ADD31 /* heredium.app */;
			productType = "com.apple.product-type.application";
		};
/* End PBXNativeTarget section */

/* Begin PBXProject section */
		18363A66293DDFBA006ADD31 /* Project object */ = {
			isa = PBXProject;
			attributes = {
				BuildIndependentTargetsInParallel = 1;
				LastSwiftUpdateCheck = 1340;
				LastUpgradeCheck = 1340;
				TargetAttributes = {
					18363A6D293DDFBA006ADD31 = {
						CreatedOnToolsVersion = 13.4.1;
					};
				};
			};
			buildConfigurationList = 18363A69293DDFBA006ADD31 /* Build configuration list for PBXProject "app" */;
			compatibilityVersion = "Xcode 13.0";
			developmentRegion = en;
			hasScannedForEncodings = 0;
			knownRegions = (
				en,
				Base,
				ko,
			);
			mainGroup = 18363A65293DDFBA006ADD31;
			packageReferences = (
				1846DE74296582E60067B474 /* XCRemoteSwiftPackageReference "firebase-ios-sdk" */,
				189CFFAA29B6E296008F0A3B /* XCRemoteSwiftPackageReference "Alamofire" */,
				189CFFAD29B6E331008F0A3B /* XCRemoteSwiftPackageReference "SwiftyJSON" */,
			);
			productRefGroup = 18363A6F293DDFBA006ADD31 /* Products */;
			projectDirPath = "";
			projectRoot = "";
			targets = (
				18363A6D293DDFBA006ADD31 /* app */,
			);
		};
/* End PBXProject section */

/* Begin PBXResourcesBuildPhase section */
		18363A6C293DDFBA006ADD31 /* Resources */ = {
			isa = PBXResourcesBuildPhase;
			buildActionMask = 2147483647;
			files = (
				189CFFD629B9D5A0008F0A3B /* qr_fail.mp3 in Resources */,
				189CFFD429B9D594008F0A3B /* qr_check.mp3 in Resources */,
				18363A79293DDFBC006ADD31 /* Preview Assets.xcassets in Resources */,
				1853BD32294880DF00EBAC15 /* KoPubWorld Dotum_Pro Medium.otf in Resources */,
				18866158293DF0870040841F /* InfoPlist.strings in Resources */,
				1853BD31294880DC00EBAC15 /* KoPubWorld Dotum_Pro Light.otf in Resources */,
				18363A76293DDFBC006ADD31 /* Assets.xcassets in Resources */,
				1853BD30294880DA00EBAC15 /* KoPubWorld Dotum_Pro Bold.otf in Resources */,
				189CFFA629B6D8A9008F0A3B /* Launch Screen.storyboard in Resources */,
			);
			runOnlyForDeploymentPostprocessing = 0;
		};
/* End PBXResourcesBuildPhase section */

/* Begin PBXSourcesBuildPhase section */
		18363A6A293DDFBA006ADD31 /* Sources */ = {
			isa = PBXSourcesBuildPhase;
			buildActionMask = 2147483647;
			files = (
				189CFFB629B759C4008F0A3B /* Allow.swift in Sources */,
				18212AFD29ADF62E00580FD7 /* QRView.swift in Sources */,
				1853BD2C2948727D00EBAC15 /* KeyboardResponder.swift in Sources */,
				189CFFCC29B9A2A2008F0A3B /* DelayedNavigationLink.swift in Sources */,
				189CFFB229B6E643008F0A3B /* ErrorResponse.swift in Sources */,
				18866163293E08630040841F /* MainViewModel.swift in Sources */,
				18363A72293DDFBA006ADD31 /* appApp.swift in Sources */,
				18212B1129B590E600580FD7 /* BarcodeFrame.swift in Sources */,
				1886616D293E26FF0040841F /* LoadingScreenView.swift in Sources */,
				18212B1529B5911900580FD7 /* CBScanner.swift in Sources */,
				E323712F2CBE672400CF8A8A /* LogInfo+CoreDataClass.swift in Sources */,
				1853BD2729486B8800EBAC15 /* MyToastView.swift in Sources */,
				1886616B293E26E40040841F /* LoadingIndicatorView.swift in Sources */,
				1853BD29294871DE00EBAC15 /* CustomAlert.swift in Sources */,
				18866177293E27B70040841F /* WebViewRefreshControlHelper.swift in Sources */,
				1886616F293E27180040841F /* MimeTypes.swift in Sources */,
				18212B0F29B590C000580FD7 /* BarcodeData.swift in Sources */,
				1853BD1D294865D300EBAC15 /* Constants.swift in Sources */,
				18866175293E27760040841F /* String+Ext.swift in Sources */,
				E30FD27D2CC0C83B009C4C2B /* HistoryCouponViewModel.swift in Sources */,
				18212AFF29ADF64A00580FD7 /* LogView.swift in Sources */,
				189CFFA929B6E212008F0A3B /* Repository.swift in Sources */,
				189CFFC029B89A97008F0A3B /* CoreData.xcdatamodeld in Sources */,
				E3AD5CDE2CBF5AB00090E12A /* ScanQRView.swift in Sources */,
				189CFFCE29B9A626008F0A3B /* QRResult.swift in Sources */,
				189CFFB429B6E6C1008F0A3B /* Projects.swift in Sources */,
				18866169293E26C80040841F /* JsAlert.swift in Sources */,
				1853BD202948682600EBAC15 /* Extension.swift in Sources */,
				E3AD5D392CBF727C0090E12A /* CouponModel.swift in Sources */,
				18866165293E17CB0040841F /* Loader.swift in Sources */,
				189CFFD829B9DA50008F0A3B /* PlayViewModel.swift in Sources */,
				E3AD5CE02CBF5ABE0090E12A /* ScanQRViewModel.swift in Sources */,
				189CFFCA29B8A4B8008F0A3B /* CoreDataManager.swift in Sources */,
				E30FD27B2CC0C62D009C4C2B /* HistoryCouponView.swift in Sources */,
				1853BD1929408B3700EBAC15 /* LocationManager.swift in Sources */,
				18866173293E274F0040841F /* MyWebview.swift in Sources */,
				E3AD5CE32CBF6AAB0090E12A /* CouponDetailView.swift in Sources */,
				E3AD5CE52CBF6AB60090E12A /* CouponDetailViewModel.swift in Sources */,
				189CFFC829B8A30B008F0A3B /* LogInfo+CoreDataProperties.swift in Sources */,
				1853BD342948849600EBAC15 /* NetworkMonitor.swift in Sources */,
				18866171293E27310040841F /* MyTextAlertView.swift in Sources */,
				18212B1729B5914E00580FD7 /* CameraPreview.swift in Sources */,
				1853BD362948857400EBAC15 /* InternetErrorView.swift in Sources */,
				185BC622293DE42C00243308 /* LaunchScreenView.swift in Sources */,
				18212B1329B590F900580FD7 /* CBBarcodeView.swift in Sources */,
				18212AFB29ADE0CD00580FD7 /* SettingView.swift in Sources */,
			);
			runOnlyForDeploymentPostprocessing = 0;
		};
/* End PBXSourcesBuildPhase section */

/* Begin PBXVariantGroup section */
		1886615A293DF0870040841F /* InfoPlist.strings */ = {
			isa = PBXVariantGroup;
			children = (
				18866159293DF0870040841F /* ko */,
				1886615B293DF0A50040841F /* en */,
			);
			name = InfoPlist.strings;
			sourceTree = "<group>";
		};
/* End PBXVariantGroup section */

/* Begin XCBuildConfiguration section */
		18363A7A293DDFBC006ADD31 /* Debug */ = {
			isa = XCBuildConfiguration;
			buildSettings = {
				ALWAYS_SEARCH_USER_PATHS = NO;
				CLANG_ANALYZER_NONNULL = YES;
				CLANG_ANALYZER_NUMBER_OBJECT_CONVERSION = YES_AGGRESSIVE;
				CLANG_CXX_LANGUAGE_STANDARD = "gnu++17";
				CLANG_ENABLE_MODULES = YES;
				CLANG_ENABLE_OBJC_ARC = YES;
				CLANG_ENABLE_OBJC_WEAK = YES;
				CLANG_WARN_BLOCK_CAPTURE_AUTORELEASING = YES;
				CLANG_WARN_BOOL_CONVERSION = YES;
				CLANG_WARN_COMMA = YES;
				CLANG_WARN_CONSTANT_CONVERSION = YES;
				CLANG_WARN_DEPRECATED_OBJC_IMPLEMENTATIONS = YES;
				CLANG_WARN_DIRECT_OBJC_ISA_USAGE = YES_ERROR;
				CLANG_WARN_DOCUMENTATION_COMMENTS = YES;
				CLANG_WARN_EMPTY_BODY = YES;
				CLANG_WARN_ENUM_CONVERSION = YES;
				CLANG_WARN_INFINITE_RECURSION = YES;
				CLANG_WARN_INT_CONVERSION = YES;
				CLANG_WARN_NON_LITERAL_NULL_CONVERSION = YES;
				CLANG_WARN_OBJC_IMPLICIT_RETAIN_SELF = YES;
				CLANG_WARN_OBJC_LITERAL_CONVERSION = YES;
				CLANG_WARN_OBJC_ROOT_CLASS = YES_ERROR;
				CLANG_WARN_QUOTED_INCLUDE_IN_FRAMEWORK_HEADER = YES;
				CLANG_WARN_RANGE_LOOP_ANALYSIS = YES;
				CLANG_WARN_STRICT_PROTOTYPES = YES;
				CLANG_WARN_SUSPICIOUS_MOVE = YES;
				CLANG_WARN_UNGUARDED_AVAILABILITY = YES_AGGRESSIVE;
				CLANG_WARN_UNREACHABLE_CODE = YES;
				CLANG_WARN__DUPLICATE_METHOD_MATCH = YES;
				COPY_PHASE_STRIP = NO;
				DEBUG_INFORMATION_FORMAT = dwarf;
				ENABLE_STRICT_OBJC_MSGSEND = YES;
				ENABLE_TESTABILITY = YES;
				GCC_C_LANGUAGE_STANDARD = gnu11;
				GCC_DYNAMIC_NO_PIC = NO;
				GCC_NO_COMMON_BLOCKS = YES;
				GCC_OPTIMIZATION_LEVEL = 0;
				GCC_PREPROCESSOR_DEFINITIONS = (
					"DEBUG=1",
					"$(inherited)",
				);
				GCC_WARN_64_TO_32_BIT_CONVERSION = YES;
				GCC_WARN_ABOUT_RETURN_TYPE = YES_ERROR;
				GCC_WARN_UNDECLARED_SELECTOR = YES;
				GCC_WARN_UNINITIALIZED_AUTOS = YES_AGGRESSIVE;
				GCC_WARN_UNUSED_FUNCTION = YES;
				GCC_WARN_UNUSED_VARIABLE = YES;
				IPHONEOS_DEPLOYMENT_TARGET = 14.0;
				MTL_ENABLE_DEBUG_INFO = INCLUDE_SOURCE;
				MTL_FAST_MATH = YES;
				ONLY_ACTIVE_ARCH = YES;
				SDKROOT = iphoneos;
				SWIFT_ACTIVE_COMPILATION_CONDITIONS = DEBUG;
				SWIFT_OPTIMIZATION_LEVEL = "-Onone";
			};
			name = Debug;
		};
		18363A7B293DDFBC006ADD31 /* Release */ = {
			isa = XCBuildConfiguration;
			buildSettings = {
				ALWAYS_SEARCH_USER_PATHS = NO;
				CLANG_ANALYZER_NONNULL = YES;
				CLANG_ANALYZER_NUMBER_OBJECT_CONVERSION = YES_AGGRESSIVE;
				CLANG_CXX_LANGUAGE_STANDARD = "gnu++17";
				CLANG_ENABLE_MODULES = YES;
				CLANG_ENABLE_OBJC_ARC = YES;
				CLANG_ENABLE_OBJC_WEAK = YES;
				CLANG_WARN_BLOCK_CAPTURE_AUTORELEASING = YES;
				CLANG_WARN_BOOL_CONVERSION = YES;
				CLANG_WARN_COMMA = YES;
				CLANG_WARN_CONSTANT_CONVERSION = YES;
				CLANG_WARN_DEPRECATED_OBJC_IMPLEMENTATIONS = YES;
				CLANG_WARN_DIRECT_OBJC_ISA_USAGE = YES_ERROR;
				CLANG_WARN_DOCUMENTATION_COMMENTS = YES;
				CLANG_WARN_EMPTY_BODY = YES;
				CLANG_WARN_ENUM_CONVERSION = YES;
				CLANG_WARN_INFINITE_RECURSION = YES;
				CLANG_WARN_INT_CONVERSION = YES;
				CLANG_WARN_NON_LITERAL_NULL_CONVERSION = YES;
				CLANG_WARN_OBJC_IMPLICIT_RETAIN_SELF = YES;
				CLANG_WARN_OBJC_LITERAL_CONVERSION = YES;
				CLANG_WARN_OBJC_ROOT_CLASS = YES_ERROR;
				CLANG_WARN_QUOTED_INCLUDE_IN_FRAMEWORK_HEADER = YES;
				CLANG_WARN_RANGE_LOOP_ANALYSIS = YES;
				CLANG_WARN_STRICT_PROTOTYPES = YES;
				CLANG_WARN_SUSPICIOUS_MOVE = YES;
				CLANG_WARN_UNGUARDED_AVAILABILITY = YES_AGGRESSIVE;
				CLANG_WARN_UNREACHABLE_CODE = YES;
				CLANG_WARN__DUPLICATE_METHOD_MATCH = YES;
				COPY_PHASE_STRIP = NO;
				DEBUG_INFORMATION_FORMAT = "dwarf-with-dsym";
				ENABLE_NS_ASSERTIONS = NO;
				ENABLE_STRICT_OBJC_MSGSEND = YES;
				GCC_C_LANGUAGE_STANDARD = gnu11;
				GCC_NO_COMMON_BLOCKS = YES;
				GCC_WARN_64_TO_32_BIT_CONVERSION = YES;
				GCC_WARN_ABOUT_RETURN_TYPE = YES_ERROR;
				GCC_WARN_UNDECLARED_SELECTOR = YES;
				GCC_WARN_UNINITIALIZED_AUTOS = YES_AGGRESSIVE;
				GCC_WARN_UNUSED_FUNCTION = YES;
				GCC_WARN_UNUSED_VARIABLE = YES;
				IPHONEOS_DEPLOYMENT_TARGET = 14.0;
				MTL_ENABLE_DEBUG_INFO = NO;
				MTL_FAST_MATH = YES;
				SDKROOT = iphoneos;
				SWIFT_COMPILATION_MODE = wholemodule;
				SWIFT_OPTIMIZATION_LEVEL = "-O";
				VALIDATE_PRODUCT = YES;
			};
			name = Release;
		};
		18363A7D293DDFBC006ADD31 /* Debug */ = {
			isa = XCBuildConfiguration;
			buildSettings = {
				ASSETCATALOG_COMPILER_APPICON_NAME = AppIcon;
				ASSETCATALOG_COMPILER_GLOBAL_ACCENT_COLOR_NAME = AccentColor;
				CODE_SIGN_ENTITLEMENTS = app/app.entitlements;
				CODE_SIGN_STYLE = Automatic;
				CURRENT_PROJECT_VERSION = 8;
				DEVELOPMENT_ASSET_PATHS = "\"app/Preview Content\"";
				DEVELOPMENT_TEAM = DNSUZN5TS8;
				ENABLE_PREVIEWS = YES;
				GENERATE_INFOPLIST_FILE = YES;
				INFOPLIST_FILE = app/Info.plist;
				INFOPLIST_KEY_CFBundleDisplayName = herediumQR;
				INFOPLIST_KEY_LSApplicationCategoryType = "";
				INFOPLIST_KEY_NSCameraUsageDescription = "헤라디움QR에서 카메라 권한을 요청합니다.";
				INFOPLIST_KEY_UIApplicationSceneManifest_Generation = YES;
				INFOPLIST_KEY_UIApplicationSupportsIndirectInputEvents = YES;
				INFOPLIST_KEY_UILaunchStoryboardName = "Launch Screen.storyboard";
				INFOPLIST_KEY_UIRequiresFullScreen = YES;
				INFOPLIST_KEY_UISupportedInterfaceOrientations = UIInterfaceOrientationPortrait;
				IPHONEOS_DEPLOYMENT_TARGET = 15.0;
				LD_RUNPATH_SEARCH_PATHS = (
					"$(inherited)",
					"@executable_path/Frameworks",
				);
				MARKETING_VERSION = 0.0.8;
				PRODUCT_BUNDLE_IDENTIFIER = heredium.art.qrapp.dev;
				PRODUCT_NAME = heredium;
				SUPPORTED_PLATFORMS = "iphoneos iphonesimulator";
				SUPPORTS_MACCATALYST = NO;
				SUPPORTS_MAC_DESIGNED_FOR_IPHONE_IPAD = YES;
				SWIFT_EMIT_LOC_STRINGS = YES;
				SWIFT_VERSION = 5.0;
				TARGETED_DEVICE_FAMILY = "1,2";
			};
			name = Debug;
		};
		18363A7E293DDFBC006ADD31 /* Release */ = {
			isa = XCBuildConfiguration;
			buildSettings = {
				ASSETCATALOG_COMPILER_APPICON_NAME = AppIcon;
				ASSETCATALOG_COMPILER_GLOBAL_ACCENT_COLOR_NAME = AccentColor;
				CODE_SIGN_ENTITLEMENTS = app/app.entitlements;
				CODE_SIGN_STYLE = Automatic;
				CURRENT_PROJECT_VERSION = 8;
				DEVELOPMENT_ASSET_PATHS = "\"app/Preview Content\"";
				DEVELOPMENT_TEAM = DNSUZN5TS8;
				ENABLE_PREVIEWS = YES;
				GENERATE_INFOPLIST_FILE = YES;
				INFOPLIST_FILE = app/Info.plist;
				INFOPLIST_KEY_CFBundleDisplayName = herediumQR;
				INFOPLIST_KEY_LSApplicationCategoryType = "";
				INFOPLIST_KEY_NSCameraUsageDescription = "헤라디움QR에서 카메라 권한을 요청합니다.";
				INFOPLIST_KEY_UIApplicationSceneManifest_Generation = YES;
				INFOPLIST_KEY_UIApplicationSupportsIndirectInputEvents = YES;
				INFOPLIST_KEY_UILaunchStoryboardName = "Launch Screen.storyboard";
				INFOPLIST_KEY_UIRequiresFullScreen = YES;
				INFOPLIST_KEY_UISupportedInterfaceOrientations = UIInterfaceOrientationPortrait;
				IPHONEOS_DEPLOYMENT_TARGET = 15.0;
				LD_RUNPATH_SEARCH_PATHS = (
					"$(inherited)",
					"@executable_path/Frameworks",
				);
				MARKETING_VERSION = 0.0.8;
				PRODUCT_BUNDLE_IDENTIFIER = heredium.art.qrapp.dev;
				PRODUCT_NAME = heredium;
				SUPPORTED_PLATFORMS = "iphoneos iphonesimulator";
				SUPPORTS_MACCATALYST = NO;
				SUPPORTS_MAC_DESIGNED_FOR_IPHONE_IPAD = YES;
				SWIFT_EMIT_LOC_STRINGS = YES;
				SWIFT_VERSION = 5.0;
				TARGETED_DEVICE_FAMILY = "1,2";
			};
			name = Release;
		};
/* End XCBuildConfiguration section */

/* Begin XCConfigurationList section */
		18363A69293DDFBA006ADD31 /* Build configuration list for PBXProject "app" */ = {
			isa = XCConfigurationList;
			buildConfigurations = (
				18363A7A293DDFBC006ADD31 /* Debug */,
				18363A7B293DDFBC006ADD31 /* Release */,
			);
			defaultConfigurationIsVisible = 0;
			defaultConfigurationName = Release;
		};
		18363A7C293DDFBC006ADD31 /* Build configuration list for PBXNativeTarget "app" */ = {
			isa = XCConfigurationList;
			buildConfigurations = (
				18363A7D293DDFBC006ADD31 /* Debug */,
				18363A7E293DDFBC006ADD31 /* Release */,
			);
			defaultConfigurationIsVisible = 0;
			defaultConfigurationName = Release;
		};
/* End XCConfigurationList section */

/* Begin XCRemoteSwiftPackageReference section */
		1846DE74296582E60067B474 /* XCRemoteSwiftPackageReference "firebase-ios-sdk" */ = {
			isa = XCRemoteSwiftPackageReference;
			repositoryURL = "https://github.com/firebase/firebase-ios-sdk";
			requirement = {
				branch = master;
				kind = branch;
			};
		};
		189CFFAA29B6E296008F0A3B /* XCRemoteSwiftPackageReference "Alamofire" */ = {
			isa = XCRemoteSwiftPackageReference;
			repositoryURL = "https://github.com/Alamofire/Alamofire";
			requirement = {
				kind = upToNextMajorVersion;
				minimumVersion = 5.0.0;
			};
		};
		189CFFAD29B6E331008F0A3B /* XCRemoteSwiftPackageReference "SwiftyJSON" */ = {
			isa = XCRemoteSwiftPackageReference;
			repositoryURL = "https://github.com/SwiftyJSON/SwiftyJSON";
			requirement = {
				branch = master;
				kind = branch;
			};
		};
/* End XCRemoteSwiftPackageReference section */

/* Begin XCSwiftPackageProductDependency section */
		189CFFAB29B6E296008F0A3B /* Alamofire */ = {
			isa = XCSwiftPackageProductDependency;
			package = 189CFFAA29B6E296008F0A3B /* XCRemoteSwiftPackageReference "Alamofire" */;
			productName = Alamofire;
		};
		189CFFAE29B6E331008F0A3B /* SwiftyJSON */ = {
			isa = XCSwiftPackageProductDependency;
			package = 189CFFAD29B6E331008F0A3B /* XCRemoteSwiftPackageReference "SwiftyJSON" */;
			productName = SwiftyJSON;
		};
/* End XCSwiftPackageProductDependency section */

/* Begin XCVersionGroup section */
		189CFFBE29B89A97008F0A3B /* CoreData.xcdatamodeld */ = {
			isa = XCVersionGroup;
			children = (
				189CFFBF29B89A97008F0A3B /* CoreData.xcdatamodel */,
			);
			currentVersion = 189CFFBF29B89A97008F0A3B /* CoreData.xcdatamodel */;
			path = CoreData.xcdatamodeld;
			sourceTree = "<group>";
			versionGroupType = wrapper.xcdatamodel;
		};
/* End XCVersionGroup section */
	};
	rootObject = 18363A66293DDFBA006ADD31 /* Project object */;
}
